
Microsoft Visual Studio Solution File, Format Version 12.00
# Visual Studio 15
VisualStudioVersion = 15.0.26730.16
MinimumVisualStudioVersion = 10.0.40219.1
Project("{FAE04EC0-301F-11D3-BF4B-00C04F79EFBC}") = "Credit Counter", "Credit Counter\Credit Counter.csproj", "{75290CF1-27BF-412E-9268-9DB8732314F5}"
EndProject
Global
	GlobalSection(SolutionConfigurationPlatforms) = preSolution
		Debug|Any CPU = Debug|Any CPU
		Release|Any CPU = Release|Any CPU
	EndGlobalSection
	GlobalSection(ProjectConfigurationPlatforms) = postSolution
		{75290CF1-27BF-412E-9268-9DB8732314F5}.Debug|Any CPU.ActiveCfg = Debug|Any CPU
		{75290CF1-27BF-412E-9268-9DB8732314F5}.Debug|Any CPU.Build.0 = Debug|Any CPU
		{75290CF1-27BF-412E-9268-9DB8732314F5}.Release|Any CPU.ActiveCfg = Release|Any CPU
		{75290CF1-27BF-412E-9268-9DB8732314F5}.Release|Any CPU.Build.0 = Release|Any CPU
	EndGlobalSection
	GlobalSection(SolutionProperties) = preSolution
		HideSolutionNode = FALSE
	EndGlobalSection
	GlobalSection(ExtensibilityGlobals) = postSolution
		SolutionGuid = {5A4DDDFA-9745-4F0C-8DF7-02FBE9B0CE64}
	EndGlobalSection
EndGlobal
